
Microsoft Visual Studio Solution File, Format Version 12.00
# Visual Studio 14
VisualStudioVersion = 14.0.25123.0
MinimumVisualStudioVersion = 10.0.40219.1
Project("{FAE04EC0-301F-11D3-BF4B-00C04F79EFBC}") = "BinaryDigitCount", "LabBitWiseTasks\BinaryDigitCount.csproj", "{C93C30A0-BD3B-4415-8F43-5E9D26ADB0FC}"
EndProject
Project("{FAE04EC0-301F-11D3-BF4B-00C04F79EFBC}") = "FirstBit", "FirstBit\FirstBit.csproj", "{AE737374-68F4-443F-BAE8-D15587F4ADCB}"
EndProject
Global
	GlobalSection(SolutionConfigurationPlatforms) = preSolution
		Debug|Any CPU = Debug|Any CPU
		Release|Any CPU = Release|Any CPU
	EndGlobalSection
	GlobalSection(ProjectConfigurationPlatforms) = postSolution
		{C93C30A0-BD3B-4415-8F43-5E9D26ADB0FC}.Debug|Any CPU.ActiveCfg = Debug|Any CPU
		{C93C30A0-BD3B-4415-8F43-5E9D26ADB0FC}.Debug|Any CPU.Build.0 = Debug|Any CPU
		{C93C30A0-BD3B-4415-8F43-5E9D26ADB0FC}.Release|Any CPU.ActiveCfg = Release|Any CPU
		{C93C30A0-BD3B-4415-8F43-5E9D26ADB0FC}.Release|Any CPU.Build.0 = Release|Any CPU
		{AE737374-68F4-443F-BAE8-D15587F4ADCB}.Debug|Any CPU.ActiveCfg = Debug|Any CPU
		{AE737374-68F4-443F-BAE8-D15587F4ADCB}.Debug|Any CPU.Build.0 = Debug|Any CPU
		{AE737374-68F4-443F-BAE8-D15587F4ADCB}.Release|Any CPU.ActiveCfg = Release|Any CPU
		{AE737374-68F4-443F-BAE8-D15587F4ADCB}.Release|Any CPU.Build.0 = Release|Any CPU
	EndGlobalSection
	GlobalSection(SolutionProperties) = preSolution
		HideSolutionNode = FALSE
	EndGlobalSection
EndGlobal
