
Microsoft Visual Studio Solution File, Format Version 12.00
# Visual Studio 14
VisualStudioVersion = 14.0.25123.0
MinimumVisualStudioVersion = 10.0.40219.1
Project("{FAE04EC0-301F-11D3-BF4B-00C04F79EFBC}") = "Ages", "PracticeTasks\Ages.csproj", "{37013AA2-2448-4925-BD9C-E6B146DEC63F}"
EndProject
Project("{FAE04EC0-301F-11D3-BF4B-00C04F79EFBC}") = "Division", "Division\Division.csproj", "{1234C31C-463C-49E9-9459-CF99BAD4E284}"
EndProject
Project("{FAE04EC0-301F-11D3-BF4B-00C04F79EFBC}") = "Vacation", "Vacation\Vacation.csproj", "{68DF1073-F57E-4CFE-BB74-5A7A4A608A51}"
EndProject
Project("{FAE04EC0-301F-11D3-BF4B-00C04F79EFBC}") = "printSum", "SumOfRange\printSum.csproj", "{ABAE38A7-870B-4D78-8E49-BE597C069693}"
EndProject
Project("{FAE04EC0-301F-11D3-BF4B-00C04F79EFBC}") = "Login", "Login\Login.csproj", "{605D3AF6-0C41-491E-BCBD-A2D0C68CC0F2}"
EndProject
Project("{FAE04EC0-301F-11D3-BF4B-00C04F79EFBC}") = "strongNumber", "strongNumber\strongNumber.csproj", "{C58457D3-1346-4367-9533-82F5A19F16EF}"
EndProject
Project("{FAE04EC0-301F-11D3-BF4B-00C04F79EFBC}") = "vendingMachine", "vendingMachine\vendingMachine.csproj", "{1028BEE7-AB7E-4309-8C07-A7CE2C56F68D}"
EndProject
Project("{FAE04EC0-301F-11D3-BF4B-00C04F79EFBC}") = "triangleNumbers", "triangleNumbers\triangleNumbers.csproj", "{955FC71B-ACED-42A1-88D8-1E41ED90922C}"
EndProject
Project("{FAE04EC0-301F-11D3-BF4B-00C04F79EFBC}") = "padawanEquipment", "padawanEquipment\padawanEquipment.csproj", "{DA194A51-5AA3-4C47-8559-82434E0D841B}"
EndProject
Project("{FAE04EC0-301F-11D3-BF4B-00C04F79EFBC}") = "rageRange", "rageRange\rageRange.csproj", "{F3F538D0-8277-44E4-9CBD-E92FA1EA9B83}"
EndProject
Project("{FAE04EC0-301F-11D3-BF4B-00C04F79EFBC}") = "sortNumbers", "sortNumbers\sortNumbers.csproj", "{D577C912-6688-4C0B-ACE8-5CE662258B51}"
EndProject
Project("{FAE04EC0-301F-11D3-BF4B-00C04F79EFBC}") = "englishNameLastDigit", "englishNameLastDigit\englishNameLastDigit.csproj", "{EF305B3D-A9FD-4460-A69E-BBF9EF10A321}"
EndProject
Project("{FAE04EC0-301F-11D3-BF4B-00C04F79EFBC}") = "gamingStore", "gamingStore\gamingStore.csproj", "{14C5220E-580B-46DF-A8B4-5F3176DB2EF6}"
EndProject
Project("{FAE04EC0-301F-11D3-BF4B-00C04F79EFBC}") = "reverseString", "reverseString\reverseString.csproj", "{8DDCD8AB-BDA2-4E58-A0BD-5557E8224286}"
EndProject
Project("{FAE04EC0-301F-11D3-BF4B-00C04F79EFBC}") = "messagesSMS", "messagesSMS\messagesSMS.csproj", "{2E75150A-3557-4D0C-B358-B90E5D573CE9}"
EndProject
Global
	GlobalSection(SolutionConfigurationPlatforms) = preSolution
		Debug|Any CPU = Debug|Any CPU
		Release|Any CPU = Release|Any CPU
	EndGlobalSection
	GlobalSection(ProjectConfigurationPlatforms) = postSolution
		{37013AA2-2448-4925-BD9C-E6B146DEC63F}.Debug|Any CPU.ActiveCfg = Debug|Any CPU
		{37013AA2-2448-4925-BD9C-E6B146DEC63F}.Debug|Any CPU.Build.0 = Debug|Any CPU
		{37013AA2-2448-4925-BD9C-E6B146DEC63F}.Release|Any CPU.ActiveCfg = Release|Any CPU
		{37013AA2-2448-4925-BD9C-E6B146DEC63F}.Release|Any CPU.Build.0 = Release|Any CPU
		{1234C31C-463C-49E9-9459-CF99BAD4E284}.Debug|Any CPU.ActiveCfg = Debug|Any CPU
		{1234C31C-463C-49E9-9459-CF99BAD4E284}.Debug|Any CPU.Build.0 = Debug|Any CPU
		{1234C31C-463C-49E9-9459-CF99BAD4E284}.Release|Any CPU.ActiveCfg = Release|Any CPU
		{1234C31C-463C-49E9-9459-CF99BAD4E284}.Release|Any CPU.Build.0 = Release|Any CPU
		{68DF1073-F57E-4CFE-BB74-5A7A4A608A51}.Debug|Any CPU.ActiveCfg = Debug|Any CPU
		{68DF1073-F57E-4CFE-BB74-5A7A4A608A51}.Debug|Any CPU.Build.0 = Debug|Any CPU
		{68DF1073-F57E-4CFE-BB74-5A7A4A608A51}.Release|Any CPU.ActiveCfg = Release|Any CPU
		{68DF1073-F57E-4CFE-BB74-5A7A4A608A51}.Release|Any CPU.Build.0 = Release|Any CPU
		{ABAE38A7-870B-4D78-8E49-BE597C069693}.Debug|Any CPU.ActiveCfg = Debug|Any CPU
		{ABAE38A7-870B-4D78-8E49-BE597C069693}.Debug|Any CPU.Build.0 = Debug|Any CPU
		{ABAE38A7-870B-4D78-8E49-BE597C069693}.Release|Any CPU.ActiveCfg = Release|Any CPU
		{ABAE38A7-870B-4D78-8E49-BE597C069693}.Release|Any CPU.Build.0 = Release|Any CPU
		{605D3AF6-0C41-491E-BCBD-A2D0C68CC0F2}.Debug|Any CPU.ActiveCfg = Debug|Any CPU
		{605D3AF6-0C41-491E-BCBD-A2D0C68CC0F2}.Debug|Any CPU.Build.0 = Debug|Any CPU
		{605D3AF6-0C41-491E-BCBD-A2D0C68CC0F2}.Release|Any CPU.ActiveCfg = Release|Any CPU
		{605D3AF6-0C41-491E-BCBD-A2D0C68CC0F2}.Release|Any CPU.Build.0 = Release|Any CPU
		{C58457D3-1346-4367-9533-82F5A19F16EF}.Debug|Any CPU.ActiveCfg = Debug|Any CPU
		{C58457D3-1346-4367-9533-82F5A19F16EF}.Debug|Any CPU.Build.0 = Debug|Any CPU
		{C58457D3-1346-4367-9533-82F5A19F16EF}.Release|Any CPU.ActiveCfg = Release|Any CPU
		{C58457D3-1346-4367-9533-82F5A19F16EF}.Release|Any CPU.Build.0 = Release|Any CPU
		{1028BEE7-AB7E-4309-8C07-A7CE2C56F68D}.Debug|Any CPU.ActiveCfg = Debug|Any CPU
		{1028BEE7-AB7E-4309-8C07-A7CE2C56F68D}.Debug|Any CPU.Build.0 = Debug|Any CPU
		{1028BEE7-AB7E-4309-8C07-A7CE2C56F68D}.Release|Any CPU.ActiveCfg = Release|Any CPU
		{1028BEE7-AB7E-4309-8C07-A7CE2C56F68D}.Release|Any CPU.Build.0 = Release|Any CPU
		{955FC71B-ACED-42A1-88D8-1E41ED90922C}.Debug|Any CPU.ActiveCfg = Debug|Any CPU
		{955FC71B-ACED-42A1-88D8-1E41ED90922C}.Debug|Any CPU.Build.0 = Debug|Any CPU
		{955FC71B-ACED-42A1-88D8-1E41ED90922C}.Release|Any CPU.ActiveCfg = Release|Any CPU
		{955FC71B-ACED-42A1-88D8-1E41ED90922C}.Release|Any CPU.Build.0 = Release|Any CPU
		{DA194A51-5AA3-4C47-8559-82434E0D841B}.Debug|Any CPU.ActiveCfg = Debug|Any CPU
		{DA194A51-5AA3-4C47-8559-82434E0D841B}.Debug|Any CPU.Build.0 = Debug|Any CPU
		{DA194A51-5AA3-4C47-8559-82434E0D841B}.Release|Any CPU.ActiveCfg = Release|Any CPU
		{DA194A51-5AA3-4C47-8559-82434E0D841B}.Release|Any CPU.Build.0 = Release|Any CPU
		{F3F538D0-8277-44E4-9CBD-E92FA1EA9B83}.Debug|Any CPU.ActiveCfg = Debug|Any CPU
		{F3F538D0-8277-44E4-9CBD-E92FA1EA9B83}.Debug|Any CPU.Build.0 = Debug|Any CPU
		{F3F538D0-8277-44E4-9CBD-E92FA1EA9B83}.Release|Any CPU.ActiveCfg = Release|Any CPU
		{F3F538D0-8277-44E4-9CBD-E92FA1EA9B83}.Release|Any CPU.Build.0 = Release|Any CPU
		{D577C912-6688-4C0B-ACE8-5CE662258B51}.Debug|Any CPU.ActiveCfg = Debug|Any CPU
		{D577C912-6688-4C0B-ACE8-5CE662258B51}.Debug|Any CPU.Build.0 = Debug|Any CPU
		{D577C912-6688-4C0B-ACE8-5CE662258B51}.Release|Any CPU.ActiveCfg = Release|Any CPU
		{D577C912-6688-4C0B-ACE8-5CE662258B51}.Release|Any CPU.Build.0 = Release|Any CPU
		{EF305B3D-A9FD-4460-A69E-BBF9EF10A321}.Debug|Any CPU.ActiveCfg = Debug|Any CPU
		{EF305B3D-A9FD-4460-A69E-BBF9EF10A321}.Debug|Any CPU.Build.0 = Debug|Any CPU
		{EF305B3D-A9FD-4460-A69E-BBF9EF10A321}.Release|Any CPU.ActiveCfg = Release|Any CPU
		{EF305B3D-A9FD-4460-A69E-BBF9EF10A321}.Release|Any CPU.Build.0 = Release|Any CPU
		{14C5220E-580B-46DF-A8B4-5F3176DB2EF6}.Debug|Any CPU.ActiveCfg = Debug|Any CPU
		{14C5220E-580B-46DF-A8B4-5F3176DB2EF6}.Debug|Any CPU.Build.0 = Debug|Any CPU
		{14C5220E-580B-46DF-A8B4-5F3176DB2EF6}.Release|Any CPU.ActiveCfg = Release|Any CPU
		{14C5220E-580B-46DF-A8B4-5F3176DB2EF6}.Release|Any CPU.Build.0 = Release|Any CPU
		{8DDCD8AB-BDA2-4E58-A0BD-5557E8224286}.Debug|Any CPU.ActiveCfg = Debug|Any CPU
		{8DDCD8AB-BDA2-4E58-A0BD-5557E8224286}.Debug|Any CPU.Build.0 = Debug|Any CPU
		{8DDCD8AB-BDA2-4E58-A0BD-5557E8224286}.Release|Any CPU.ActiveCfg = Release|Any CPU
		{8DDCD8AB-BDA2-4E58-A0BD-5557E8224286}.Release|Any CPU.Build.0 = Release|Any CPU
		{2E75150A-3557-4D0C-B358-B90E5D573CE9}.Debug|Any CPU.ActiveCfg = Debug|Any CPU
		{2E75150A-3557-4D0C-B358-B90E5D573CE9}.Debug|Any CPU.Build.0 = Debug|Any CPU
		{2E75150A-3557-4D0C-B358-B90E5D573CE9}.Release|Any CPU.ActiveCfg = Release|Any CPU
		{2E75150A-3557-4D0C-B358-B90E5D573CE9}.Release|Any CPU.Build.0 = Release|Any CPU
	EndGlobalSection
	GlobalSection(SolutionProperties) = preSolution
		HideSolutionNode = FALSE
	EndGlobalSection
EndGlobal
