
Microsoft Visual Studio Solution File, Format Version 12.00
# Visual Studio 15
VisualStudioVersion = 15.0.28010.2048
MinimumVisualStudioVersion = 10.0.40219.1
Project("{FAE04EC0-301F-11D3-BF4B-00C04F79EFBC}") = "ReverseString", "LabStringProcessingTasls\ReverseString.csproj", "{BE907030-5F58-496F-A085-FBA636B16211}"
EndProject
Project("{FAE04EC0-301F-11D3-BF4B-00C04F79EFBC}") = "RepeatString", "RepeatString\RepeatString.csproj", "{E93EF3F6-EAAC-4091-888F-CEB80A2F94A9}"
EndProject
Project("{FAE04EC0-301F-11D3-BF4B-00C04F79EFBC}") = "Substring", "Substring\Substring.csproj", "{A5029CDD-423F-4752-8A72-539A2B9FEA42}"
EndProject
Project("{FAE04EC0-301F-11D3-BF4B-00C04F79EFBC}") = "TextFilter", "TextFilter\TextFilter.csproj", "{9D7306F7-5227-4DD4-8809-B4F83A6D2044}"
EndProject
Project("{FAE04EC0-301F-11D3-BF4B-00C04F79EFBC}") = "StringDigitsOthers", "StringDigitsOthers\StringDigitsOthers.csproj", "{2B880D19-B2E3-4EC0-B4F5-DA172106712A}"
EndProject
Global
	GlobalSection(SolutionConfigurationPlatforms) = preSolution
		Debug|Any CPU = Debug|Any CPU
		Release|Any CPU = Release|Any CPU
	EndGlobalSection
	GlobalSection(ProjectConfigurationPlatforms) = postSolution
		{BE907030-5F58-496F-A085-FBA636B16211}.Debug|Any CPU.ActiveCfg = Debug|Any CPU
		{BE907030-5F58-496F-A085-FBA636B16211}.Debug|Any CPU.Build.0 = Debug|Any CPU
		{BE907030-5F58-496F-A085-FBA636B16211}.Release|Any CPU.ActiveCfg = Release|Any CPU
		{BE907030-5F58-496F-A085-FBA636B16211}.Release|Any CPU.Build.0 = Release|Any CPU
		{E93EF3F6-EAAC-4091-888F-CEB80A2F94A9}.Debug|Any CPU.ActiveCfg = Debug|Any CPU
		{E93EF3F6-EAAC-4091-888F-CEB80A2F94A9}.Debug|Any CPU.Build.0 = Debug|Any CPU
		{E93EF3F6-EAAC-4091-888F-CEB80A2F94A9}.Release|Any CPU.ActiveCfg = Release|Any CPU
		{E93EF3F6-EAAC-4091-888F-CEB80A2F94A9}.Release|Any CPU.Build.0 = Release|Any CPU
		{A5029CDD-423F-4752-8A72-539A2B9FEA42}.Debug|Any CPU.ActiveCfg = Debug|Any CPU
		{A5029CDD-423F-4752-8A72-539A2B9FEA42}.Debug|Any CPU.Build.0 = Debug|Any CPU
		{A5029CDD-423F-4752-8A72-539A2B9FEA42}.Release|Any CPU.ActiveCfg = Release|Any CPU
		{A5029CDD-423F-4752-8A72-539A2B9FEA42}.Release|Any CPU.Build.0 = Release|Any CPU
		{9D7306F7-5227-4DD4-8809-B4F83A6D2044}.Debug|Any CPU.ActiveCfg = Debug|Any CPU
		{9D7306F7-5227-4DD4-8809-B4F83A6D2044}.Debug|Any CPU.Build.0 = Debug|Any CPU
		{9D7306F7-5227-4DD4-8809-B4F83A6D2044}.Release|Any CPU.ActiveCfg = Release|Any CPU
		{9D7306F7-5227-4DD4-8809-B4F83A6D2044}.Release|Any CPU.Build.0 = Release|Any CPU
		{2B880D19-B2E3-4EC0-B4F5-DA172106712A}.Debug|Any CPU.ActiveCfg = Debug|Any CPU
		{2B880D19-B2E3-4EC0-B4F5-DA172106712A}.Debug|Any CPU.Build.0 = Debug|Any CPU
		{2B880D19-B2E3-4EC0-B4F5-DA172106712A}.Release|Any CPU.ActiveCfg = Release|Any CPU
		{2B880D19-B2E3-4EC0-B4F5-DA172106712A}.Release|Any CPU.Build.0 = Release|Any CPU
	EndGlobalSection
	GlobalSection(SolutionProperties) = preSolution
		HideSolutionNode = FALSE
	EndGlobalSection
	GlobalSection(ExtensibilityGlobals) = postSolution
		SolutionGuid = {6EE2620F-8917-4DC1-87CD-9CD4A9296C32}
	EndGlobalSection
EndGlobal
